// !$*UTF8*$!
{
	archiveVersion = 1;
	classes = {
	};
	objectVersion = 56;
	objects = {

/* Begin PBXBuildFile section */
		DB32826A2BA0BD8000E35301 /* pokedex2App.swift in Sources */ = {isa = PBXBuildFile; fileRef = DB3282692BA0BD8000E35301 /* pokedex2App.swift */; };
		DB32826C2BA0BD8000E35301 /* ContentView.swift in Sources */ = {isa = PBXBuildFile; fileRef = DB32826B2BA0BD8000E35301 /* ContentView.swift */; };
		DB32826E2BA0BD8300E35301 /* Assets.xcassets in Resources */ = {isa = PBXBuildFile; fileRef = DB32826D2BA0BD8300E35301 /* Assets.xcassets */; };
		DB3282712BA0BD8300E35301 /* Preview Assets.xcassets in Resources */ = {isa = PBXBuildFile; fileRef = DB3282702BA0BD8300E35301 /* Preview Assets.xcassets */; };
		DB32827B2BA0BD8400E35301 /* pokedex2Tests.swift in Sources */ = {isa = PBXBuildFile; fileRef = DB32827A2BA0BD8400E35301 /* pokedex2Tests.swift */; };
		DB3282852BA0BD8400E35301 /* pokedex2UITests.swift in Sources */ = {isa = PBXBuildFile; fileRef = DB3282842BA0BD8400E35301 /* pokedex2UITests.swift */; };
		DB3282872BA0BD8400E35301 /* pokedex2UITestsLaunchTests.swift in Sources */ = {isa = PBXBuildFile; fileRef = DB3282862BA0BD8400E35301 /* pokedex2UITestsLaunchTests.swift */; };
		DB3282942BA0BD9100E35301 /* ComplexData.swift in Sources */ = {isa = PBXBuildFile; fileRef = DB3282932BA0BD9100E35301 /* ComplexData.swift */; };
		DB3282962BA0BDAD00E35301 /* SwiftUIView.swift in Sources */ = {isa = PBXBuildFile; fileRef = DB3282952BA0BDAD00E35301 /* SwiftUIView.swift */; };
		DB3282982BA0BDC600E35301 /* DetailView.swift in Sources */ = {isa = PBXBuildFile; fileRef = DB3282972BA0BDC600E35301 /* DetailView.swift */; };
/* End PBXBuildFile section */

/* Begin PBXContainerItemProxy section */
		DB3282772BA0BD8400E35301 /* PBXContainerItemProxy */ = {
			isa = PBXContainerItemProxy;
			containerPortal = DB32825E2BA0BD8000E35301 /* Project object */;
			proxyType = 1;
			remoteGlobalIDString = DB3282652BA0BD8000E35301;
			remoteInfo = pokedex2;
		};
		DB3282812BA0BD8400E35301 /* PBXContainerItemProxy */ = {
			isa = PBXContainerItemProxy;
			containerPortal = DB32825E2BA0BD8000E35301 /* Project object */;
			proxyType = 1;
			remoteGlobalIDString = DB3282652BA0BD8000E35301;
			remoteInfo = pokedex2;
		};
/* End PBXContainerItemProxy section */

/* Begin PBXFileReference section */
		DB3282662BA0BD8000E35301 /* pokedex2.app */ = {isa = PBXFileReference; explicitFileType = wrapper.application; includeInIndex = 0; path = pokedex2.app; sourceTree = BUILT_PRODUCTS_DIR; };
		DB3282692BA0BD8000E35301 /* pokedex2App.swift */ = {isa = PBXFileReference; lastKnownFileType = sourcecode.swift; path = pokedex2App.swift; sourceTree = "<group>"; };
		DB32826B2BA0BD8000E35301 /* ContentView.swift */ = {isa = PBXFileReference; lastKnownFileType = sourcecode.swift; path = ContentView.swift; sourceTree = "<group>"; };
		DB32826D2BA0BD8300E35301 /* Assets.xcassets */ = {isa = PBXFileReference; lastKnownFileType = folder.assetcatalog; path = Assets.xcassets; sourceTree = "<group>"; };
		DB3282702BA0BD8300E35301 /* Preview Assets.xcassets */ = {isa = PBXFileReference; lastKnownFileType = folder.assetcatalog; path = "Preview Assets.xcassets"; sourceTree = "<group>"; };
		DB3282762BA0BD8400E35301 /* pokedex2Tests.xctest */ = {isa = PBXFileReference; explicitFileType = wrapper.cfbundle; includeInIndex = 0; path = pokedex2Tests.xctest; sourceTree = BUILT_PRODUCTS_DIR; };
		DB32827A2BA0BD8400E35301 /* pokedex2Tests.swift */ = {isa = PBXFileReference; lastKnownFileType = sourcecode.swift; path = pokedex2Tests.swift; sourceTree = "<group>"; };
		DB3282802BA0BD8400E35301 /* pokedex2UITests.xctest */ = {isa = PBXFileReference; explicitFileType = wrapper.cfbundle; includeInIndex = 0; path = pokedex2UITests.xctest; sourceTree = BUILT_PRODUCTS_DIR; };
		DB3282842BA0BD8400E35301 /* pokedex2UITests.swift */ = {isa = PBXFileReference; lastKnownFileType = sourcecode.swift; path = pokedex2UITests.swift; sourceTree = "<group>"; };
		DB3282862BA0BD8400E35301 /* pokedex2UITestsLaunchTests.swift */ = {isa = PBXFileReference; lastKnownFileType = sourcecode.swift; path = pokedex2UITestsLaunchTests.swift; sourceTree = "<group>"; };
		DB3282932BA0BD9100E35301 /* ComplexData.swift */ = {isa = PBXFileReference; lastKnownFileType = sourcecode.swift; path = ComplexData.swift; sourceTree = "<group>"; };
		DB3282952BA0BDAD00E35301 /* SwiftUIView.swift */ = {isa = PBXFileReference; lastKnownFileType = sourcecode.swift; path = SwiftUIView.swift; sourceTree = "<group>"; };
		DB3282972BA0BDC600E35301 /* DetailView.swift */ = {isa = PBXFileReference; lastKnownFileType = sourcecode.swift; path = DetailView.swift; sourceTree = "<group>"; };
/* End PBXFileReference section */

/* Begin PBXFrameworksBuildPhase section */
		DB3282632BA0BD8000E35301 /* Frameworks */ = {
			isa = PBXFrameworksBuildPhase;
			buildActionMask = 2147483647;
			files = (
			);
			runOnlyForDeploymentPostprocessing = 0;
		};
		DB3282732BA0BD8400E35301 /* Frameworks */ = {
			isa = PBXFrameworksBuildPhase;
			buildActionMask = 2147483647;
			files = (
			);
			runOnlyForDeploymentPostprocessing = 0;
		};
		DB32827D2BA0BD8400E35301 /* Frameworks */ = {
			isa = PBXFrameworksBuildPhase;
			buildActionMask = 2147483647;
			files = (
			);
			runOnlyForDeploymentPostprocessing = 0;
		};
/* End PBXFrameworksBuildPhase section */

/* Begin PBXGroup section */
		DB32825D2BA0BD8000E35301 = {
			isa = PBXGroup;
			children = (
				DB3282682BA0BD8000E35301 /* pokedex2 */,
				DB3282792BA0BD8400E35301 /* pokedex2Tests */,
				DB3282832BA0BD8400E35301 /* pokedex2UITests */,
				DB3282672BA0BD8000E35301 /* Products */,
			);
			sourceTree = "<group>";
		};
		DB3282672BA0BD8000E35301 /* Products */ = {
			isa = PBXGroup;
			children = (
				DB3282662BA0BD8000E35301 /* pokedex2.app */,
				DB3282762BA0BD8400E35301 /* pokedex2Tests.xctest */,
				DB3282802BA0BD8400E35301 /* pokedex2UITests.xctest */,
			);
			name = Products;
			sourceTree = "<group>";
		};
		DB3282682BA0BD8000E35301 /* pokedex2 */ = {
			isa = PBXGroup;
			children = (
				DB3282692BA0BD8000E35301 /* pokedex2App.swift */,
				DB32826B2BA0BD8000E35301 /* ContentView.swift */,
				DB3282932BA0BD9100E35301 /* ComplexData.swift */,
				DB3282952BA0BDAD00E35301 /* SwiftUIView.swift */,
				DB3282972BA0BDC600E35301 /* DetailView.swift */,
				DB32826D2BA0BD8300E35301 /* Assets.xcassets */,
				DB32826F2BA0BD8300E35301 /* Preview Content */,
			);
			path = pokedex2;
			sourceTree = "<group>";
		};
		DB32826F2BA0BD8300E35301 /* Preview Content */ = {
			isa = PBXGroup;
			children = (
				DB3282702BA0BD8300E35301 /* Preview Assets.xcassets */,
			);
			path = "Preview Content";
			sourceTree = "<group>";
		};
		DB3282792BA0BD8400E35301 /* pokedex2Tests */ = {
			isa = PBXGroup;
			children = (
				DB32827A2BA0BD8400E35301 /* pokedex2Tests.swift */,
			);
			path = pokedex2Tests;
			sourceTree = "<group>";
		};
		DB3282832BA0BD8400E35301 /* pokedex2UITests */ = {
			isa = PBXGroup;
			children = (
				DB3282842BA0BD8400E35301 /* pokedex2UITests.swift */,
				DB3282862BA0BD8400E35301 /* pokedex2UITestsLaunchTests.swift */,
			);
			path = pokedex2UITests;
			sourceTree = "<group>";
		};
/* End PBXGroup section */

/* Begin PBXNativeTarget section */
		DB3282652BA0BD8000E35301 /* pokedex2 */ = {
			isa = PBXNativeTarget;
			buildConfigurationList = DB32828A2BA0BD8400E35301 /* Build configuration list for PBXNativeTarget "pokedex2" */;
			buildPhases = (
				DB3282622BA0BD8000E35301 /* Sources */,
				DB3282632BA0BD8000E35301 /* Frameworks */,
				DB3282642BA0BD8000E35301 /* Resources */,
			);
			buildRules = (
			);
			dependencies = (
			);
			name = pokedex2;
			productName = pokedex2;
			productReference = DB3282662BA0BD8000E35301 /* pokedex2.app */;
			productType = "com.apple.product-type.application";
		};
		DB3282752BA0BD8400E35301 /* pokedex2Tests */ = {
			isa = PBXNativeTarget;
			buildConfigurationList = DB32828D2BA0BD8400E35301 /* Build configuration list for PBXNativeTarget "pokedex2Tests" */;
			buildPhases = (
				DB3282722BA0BD8400E35301 /* Sources */,
				DB3282732BA0BD8400E35301 /* Frameworks */,
				DB3282742BA0BD8400E35301 /* Resources */,
			);
			buildRules = (
			);
			dependencies = (
				DB3282782BA0BD8400E35301 /* PBXTargetDependency */,
			);
			name = pokedex2Tests;
			productName = pokedex2Tests;
			productReference = DB3282762BA0BD8400E35301 /* pokedex2Tests.xctest */;
			productType = "com.apple.product-type.bundle.unit-test";
		};
		DB32827F2BA0BD8400E35301 /* pokedex2UITests */ = {
			isa = PBXNativeTarget;
			buildConfigurationList = DB3282902BA0BD8400E35301 /* Build configuration list for PBXNativeTarget "pokedex2UITests" */;
			buildPhases = (
				DB32827C2BA0BD8400E35301 /* Sources */,
				DB32827D2BA0BD8400E35301 /* Frameworks */,
				DB32827E2BA0BD8400E35301 /* Resources */,
			);
			buildRules = (
			);
			dependencies = (
				DB3282822BA0BD8400E35301 /* PBXTargetDependency */,
			);
			name = pokedex2UITests;
			productName = pokedex2UITests;
			productReference = DB3282802BA0BD8400E35301 /* pokedex2UITests.xctest */;
			productType = "com.apple.product-type.bundle.ui-testing";
		};
/* End PBXNativeTarget section */

/* Begin PBXProject section */
		DB32825E2BA0BD8000E35301 /* Project object */ = {
			isa = PBXProject;
			attributes = {
				BuildIndependentTargetsInParallel = 1;
				LastSwiftUpdateCheck = 1530;
				LastUpgradeCheck = 1530;
				TargetAttributes = {
					DB3282652BA0BD8000E35301 = {
						CreatedOnToolsVersion = 15.3;
					};
					DB3282752BA0BD8400E35301 = {
						CreatedOnToolsVersion = 15.3;
						TestTargetID = DB3282652BA0BD8000E35301;
					};
					DB32827F2BA0BD8400E35301 = {
						CreatedOnToolsVersion = 15.3;
						TestTargetID = DB3282652BA0BD8000E35301;
					};
				};
			};
			buildConfigurationList = DB3282612BA0BD8000E35301 /* Build configuration list for PBXProject "pokedex2" */;
			compatibilityVersion = "Xcode 14.0";
			developmentRegion = en;
			hasScannedForEncodings = 0;
			knownRegions = (
				en,
				Base,
			);
			mainGroup = DB32825D2BA0BD8000E35301;
			productRefGroup = DB3282672BA0BD8000E35301 /* Products */;
			projectDirPath = "";
			projectRoot = "";
			targets = (
				DB3282652BA0BD8000E35301 /* pokedex2 */,
				DB3282752BA0BD8400E35301 /* pokedex2Tests */,
				DB32827F2BA0BD8400E35301 /* pokedex2UITests */,
			);
		};
/* End PBXProject section */

/* Begin PBXResourcesBuildPhase section */
		DB3282642BA0BD8000E35301 /* Resources */ = {
			isa = PBXResourcesBuildPhase;
			buildActionMask = 2147483647;
			files = (
				DB3282712BA0BD8300E35301 /* Preview Assets.xcassets in Resources */,
				DB32826E2BA0BD8300E35301 /* Assets.xcassets in Resources */,
			);
			runOnlyForDeploymentPostprocessing = 0;
		};
		DB3282742BA0BD8400E35301 /* Resources */ = {
			isa = PBXResourcesBuildPhase;
			buildActionMask = 2147483647;
			files = (
			);
			runOnlyForDeploymentPostprocessing = 0;
		};
		DB32827E2BA0BD8400E35301 /* Resources */ = {
			isa = PBXResourcesBuildPhase;
			buildActionMask = 2147483647;
			files = (
			);
			runOnlyForDeploymentPostprocessing = 0;
		};
/* End PBXResourcesBuildPhase section */

/* Begin PBXSourcesBuildPhase section */
		DB3282622BA0BD8000E35301 /* Sources */ = {
			isa = PBXSourcesBuildPhase;
			buildActionMask = 2147483647;
			files = (
				DB32826C2BA0BD8000E35301 /* ContentView.swift in Sources */,
				DB32826A2BA0BD8000E35301 /* pokedex2App.swift in Sources */,
				DB3282962BA0BDAD00E35301 /* SwiftUIView.swift in Sources */,
				DB3282982BA0BDC600E35301 /* DetailView.swift in Sources */,
				DB3282942BA0BD9100E35301 /* ComplexData.swift in Sources */,
			);
			runOnlyForDeploymentPostprocessing = 0;
		};
		DB3282722BA0BD8400E35301 /* Sources */ = {
			isa = PBXSourcesBuildPhase;
			buildActionMask = 2147483647;
			files = (
				DB32827B2BA0BD8400E35301 /* pokedex2Tests.swift in Sources */,
			);
			runOnlyForDeploymentPostprocessing = 0;
		};
		DB32827C2BA0BD8400E35301 /* Sources */ = {
			isa = PBXSourcesBuildPhase;
			buildActionMask = 2147483647;
			files = (
				DB3282872BA0BD8400E35301 /* pokedex2UITestsLaunchTests.swift in Sources */,
				DB3282852BA0BD8400E35301 /* pokedex2UITests.swift in Sources */,
			);
			runOnlyForDeploymentPostprocessing = 0;
		};
/* End PBXSourcesBuildPhase section */

/* Begin PBXTargetDependency section */
		DB3282782BA0BD8400E35301 /* PBXTargetDependency */ = {
			isa = PBXTargetDependency;
			target = DB3282652BA0BD8000E35301 /* pokedex2 */;
			targetProxy = DB3282772BA0BD8400E35301 /* PBXContainerItemProxy */;
		};
		DB3282822BA0BD8400E35301 /* PBXTargetDependency */ = {
			isa = PBXTargetDependency;
			target = DB3282652BA0BD8000E35301 /* pokedex2 */;
			targetProxy = DB3282812BA0BD8400E35301 /* PBXContainerItemProxy */;
		};
/* End PBXTargetDependency section */

/* Begin XCBuildConfiguration section */
		DB3282882BA0BD8400E35301 /* Debug */ = {
			isa = XCBuildConfiguration;
			buildSettings = {
				ALWAYS_SEARCH_USER_PATHS = NO;
				ASSETCATALOG_COMPILER_GENERATE_SWIFT_ASSET_SYMBOL_EXTENSIONS = YES;
				CLANG_ANALYZER_NONNULL = YES;
				CLANG_ANALYZER_NUMBER_OBJECT_CONVERSION = YES_AGGRESSIVE;
				CLANG_CXX_LANGUAGE_STANDARD = "gnu++20";
				CLANG_ENABLE_MODULES = YES;
				CLANG_ENABLE_OBJC_ARC = YES;
				CLANG_ENABLE_OBJC_WEAK = YES;
				CLANG_WARN_BLOCK_CAPTURE_AUTORELEASING = YES;
				CLANG_WARN_BOOL_CONVERSION = YES;
				CLANG_WARN_COMMA = YES;
				CLANG_WARN_CONSTANT_CONVERSION = YES;
				CLANG_WARN_DEPRECATED_OBJC_IMPLEMENTATIONS = YES;
				CLANG_WARN_DIRECT_OBJC_ISA_USAGE = YES_ERROR;
				CLANG_WARN_DOCUMENTATION_COMMENTS = YES;
				CLANG_WARN_EMPTY_BODY = YES;
				CLANG_WARN_ENUM_CONVERSION = YES;
				CLANG_WARN_INFINITE_RECURSION = YES;
				CLANG_WARN_INT_CONVERSION = YES;
				CLANG_WARN_NON_LITERAL_NULL_CONVERSION = YES;
				CLANG_WARN_OBJC_IMPLICIT_RETAIN_SELF = YES;
				CLANG_WARN_OBJC_LITERAL_CONVERSION = YES;
				CLANG_WARN_OBJC_ROOT_CLASS = YES_ERROR;
				CLANG_WARN_QUOTED_INCLUDE_IN_FRAMEWORK_HEADER = YES;
				CLANG_WARN_RANGE_LOOP_ANALYSIS = YES;
				CLANG_WARN_STRICT_PROTOTYPES = YES;
				CLANG_WARN_SUSPICIOUS_MOVE = YES;
				CLANG_WARN_UNGUARDED_AVAILABILITY = YES_AGGRESSIVE;
				CLANG_WARN_UNREACHABLE_CODE = YES;
				CLANG_WARN__DUPLICATE_METHOD_MATCH = YES;
				COPY_PHASE_STRIP = NO;
				DEBUG_INFORMATION_FORMAT = dwarf;
				ENABLE_STRICT_OBJC_MSGSEND = YES;
				ENABLE_TESTABILITY = YES;
				ENABLE_USER_SCRIPT_SANDBOXING = YES;
				GCC_C_LANGUAGE_STANDARD = gnu17;
				GCC_DYNAMIC_NO_PIC = NO;
				GCC_NO_COMMON_BLOCKS = YES;
				GCC_OPTIMIZATION_LEVEL = 0;
				GCC_PREPROCESSOR_DEFINITIONS = (
					"DEBUG=1",
					"$(inherited)",
				);
				GCC_WARN_64_TO_32_BIT_CONVERSION = YES;
				GCC_WARN_ABOUT_RETURN_TYPE = YES_ERROR;
				GCC_WARN_UNDECLARED_SELECTOR = YES;
				GCC_WARN_UNINITIALIZED_AUTOS = YES_AGGRESSIVE;
				GCC_WARN_UNUSED_FUNCTION = YES;
				GCC_WARN_UNUSED_VARIABLE = YES;
				IPHONEOS_DEPLOYMENT_TARGET = 17.4;
				LOCALIZATION_PREFERS_STRING_CATALOGS = YES;
				MTL_ENABLE_DEBUG_INFO = INCLUDE_SOURCE;
				MTL_FAST_MATH = YES;
				ONLY_ACTIVE_ARCH = YES;
				SDKROOT = iphoneos;
				SWIFT_ACTIVE_COMPILATION_CONDITIONS = "DEBUG $(inherited)";
				SWIFT_OPTIMIZATION_LEVEL = "-Onone";
			};
			name = Debug;
		};
		DB3282892BA0BD8400E35301 /* Release */ = {
			isa = XCBuildConfiguration;
			buildSettings = {
				ALWAYS_SEARCH_USER_PATHS = NO;
				ASSETCATALOG_COMPILER_GENERATE_SWIFT_ASSET_SYMBOL_EXTENSIONS = YES;
				CLANG_ANALYZER_NONNULL = YES;
				CLANG_ANALYZER_NUMBER_OBJECT_CONVERSION = YES_AGGRESSIVE;
				CLANG_CXX_LANGUAGE_STANDARD = "gnu++20";
				CLANG_ENABLE_MODULES = YES;
				CLANG_ENABLE_OBJC_ARC = YES;
				CLANG_ENABLE_OBJC_WEAK = YES;
				CLANG_WARN_BLOCK_CAPTURE_AUTORELEASING = YES;
				CLANG_WARN_BOOL_CONVERSION = YES;
				CLANG_WARN_COMMA = YES;
				CLANG_WARN_CONSTANT_CONVERSION = YES;
				CLANG_WARN_DEPRECATED_OBJC_IMPLEMENTATIONS = YES;
				CLANG_WARN_DIRECT_OBJC_ISA_USAGE = YES_ERROR;
				CLANG_WARN_DOCUMENTATION_COMMENTS = YES;
				CLANG_WARN_EMPTY_BODY = YES;
				CLANG_WARN_ENUM_CONVERSION = YES;
				CLANG_WARN_INFINITE_RECURSION = YES;
				CLANG_WARN_INT_CONVERSION = YES;
				CLANG_WARN_NON_LITERAL_NULL_CONVERSION = YES;
				CLANG_WARN_OBJC_IMPLICIT_RETAIN_SELF = YES;
				CLANG_WARN_OBJC_LITERAL_CONVERSION = YES;
				CLANG_WARN_OBJC_ROOT_CLASS = YES_ERROR;
				CLANG_WARN_QUOTED_INCLUDE_IN_FRAMEWORK_HEADER = YES;
				CLANG_WARN_RANGE_LOOP_ANALYSIS = YES;
				CLANG_WARN_STRICT_PROTOTYPES = YES;
				CLANG_WARN_SUSPICIOUS_MOVE = YES;
				CLANG_WARN_UNGUARDED_AVAILABILITY = YES_AGGRESSIVE;
				CLANG_WARN_UNREACHABLE_CODE = YES;
				CLANG_WARN__DUPLICATE_METHOD_MATCH = YES;
				COPY_PHASE_STRIP = NO;
				DEBUG_INFORMATION_FORMAT = "dwarf-with-dsym";
				ENABLE_NS_ASSERTIONS = NO;
				ENABLE_STRICT_OBJC_MSGSEND = YES;
				ENABLE_USER_SCRIPT_SANDBOXING = YES;
				GCC_C_LANGUAGE_STANDARD = gnu17;
				GCC_NO_COMMON_BLOCKS = YES;
				GCC_WARN_64_TO_32_BIT_CONVERSION = YES;
				GCC_WARN_ABOUT_RETURN_TYPE = YES_ERROR;
				GCC_WARN_UNDECLARED_SELECTOR = YES;
				GCC_WARN_UNINITIALIZED_AUTOS = YES_AGGRESSIVE;
				GCC_WARN_UNUSED_FUNCTION = YES;
				GCC_WARN_UNUSED_VARIABLE = YES;
				IPHONEOS_DEPLOYMENT_TARGET = 17.4;
				LOCALIZATION_PREFERS_STRING_CATALOGS = YES;
				MTL_ENABLE_DEBUG_INFO = NO;
				MTL_FAST_MATH = YES;
				SDKROOT = iphoneos;
				SWIFT_COMPILATION_MODE = wholemodule;
				VALIDATE_PRODUCT = YES;
			};
			name = Release;
		};
		DB32828B2BA0BD8400E35301 /* Debug */ = {
			isa = XCBuildConfiguration;
			buildSettings = {
				ASSETCATALOG_COMPILER_APPICON_NAME = AppIcon;
				ASSETCATALOG_COMPILER_GLOBAL_ACCENT_COLOR_NAME = AccentColor;
				CODE_SIGN_STYLE = Automatic;
				CURRENT_PROJECT_VERSION = 1;
				DEVELOPMENT_ASSET_PATHS = "\"pokedex2/Preview Content\"";
				ENABLE_PREVIEWS = YES;
				GENERATE_INFOPLIST_FILE = YES;
				INFOPLIST_KEY_UIApplicationSceneManifest_Generation = YES;
				INFOPLIST_KEY_UIApplicationSupportsIndirectInputEvents = YES;
				INFOPLIST_KEY_UILaunchScreen_Generation = YES;
				INFOPLIST_KEY_UISupportedInterfaceOrientations_iPad = "UIInterfaceOrientationPortrait UIInterfaceOrientationPortraitUpsideDown UIInterfaceOrientationLandscapeLeft UIInterfaceOrientationLandscapeRight";
				INFOPLIST_KEY_UISupportedInterfaceOrientations_iPhone = "UIInterfaceOrientationPortrait UIInterfaceOrientationLandscapeLeft UIInterfaceOrientationLandscapeRight";
				LD_RUNPATH_SEARCH_PATHS = (
					"$(inherited)",
					"@executable_path/Frameworks",
				);
				MARKETING_VERSION = 1.0;
				PRODUCT_BUNDLE_IDENTIFIER = Skywarsmaster.pokedex2;
				PRODUCT_NAME = "$(TARGET_NAME)";
				SWIFT_EMIT_LOC_STRINGS = YES;
				SWIFT_VERSION = 5.0;
				TARGETED_DEVICE_FAMILY = "1,2";
			};
			name = Debug;
		};
		DB32828C2BA0BD8400E35301 /* Release */ = {
			isa = XCBuildConfiguration;
			buildSettings = {
				ASSETCATALOG_COMPILER_APPICON_NAME = AppIcon;
				ASSETCATALOG_COMPILER_GLOBAL_ACCENT_COLOR_NAME = AccentColor;
				CODE_SIGN_STYLE = Automatic;
				CURRENT_PROJECT_VERSION = 1;
				DEVELOPMENT_ASSET_PATHS = "\"pokedex2/Preview Content\"";
				ENABLE_PREVIEWS = YES;
				GENERATE_INFOPLIST_FILE = YES;
				INFOPLIST_KEY_UIApplicationSceneManifest_Generation = YES;
				INFOPLIST_KEY_UIApplicationSupportsIndirectInputEvents = YES;
				INFOPLIST_KEY_UILaunchScreen_Generation = YES;
				INFOPLIST_KEY_UISupportedInterfaceOrientations_iPad = "UIInterfaceOrientationPortrait UIInterfaceOrientationPortraitUpsideDown UIInterfaceOrientationLandscapeLeft UIInterfaceOrientationLandscapeRight";
				INFOPLIST_KEY_UISupportedInterfaceOrientations_iPhone = "UIInterfaceOrientationPortrait UIInterfaceOrientationLandscapeLeft UIInterfaceOrientationLandscapeRight";
				LD_RUNPATH_SEARCH_PATHS = (
					"$(inherited)",
					"@executable_path/Frameworks",
				);
				MARKETING_VERSION = 1.0;
				PRODUCT_BUNDLE_IDENTIFIER = Skywarsmaster.pokedex2;
				PRODUCT_NAME = "$(TARGET_NAME)";
				SWIFT_EMIT_LOC_STRINGS = YES;
				SWIFT_VERSION = 5.0;
				TARGETED_DEVICE_FAMILY = "1,2";
			};
			name = Release;
		};
		DB32828E2BA0BD8400E35301 /* Debug */ = {
			isa = XCBuildConfiguration;
			buildSettings = {
				ALWAYS_EMBED_SWIFT_STANDARD_LIBRARIES = YES;
				BUNDLE_LOADER = "$(TEST_HOST)";
				CODE_SIGN_STYLE = Automatic;
				CURRENT_PROJECT_VERSION = 1;
				GENERATE_INFOPLIST_FILE = YES;
				IPHONEOS_DEPLOYMENT_TARGET = 17.4;
				MARKETING_VERSION = 1.0;
				PRODUCT_BUNDLE_IDENTIFIER = Skywarsmaster.pokedex2Tests;
				PRODUCT_NAME = "$(TARGET_NAME)";
				SWIFT_EMIT_LOC_STRINGS = NO;
				SWIFT_VERSION = 5.0;
				TARGETED_DEVICE_FAMILY = "1,2";
				TEST_HOST = "$(BUILT_PRODUCTS_DIR)/pokedex2.app/$(BUNDLE_EXECUTABLE_FOLDER_PATH)/pokedex2";
			};
			name = Debug;
		};
		DB32828F2BA0BD8400E35301 /* Release */ = {
			isa = XCBuildConfiguration;
			buildSettings = {
				ALWAYS_EMBED_SWIFT_STANDARD_LIBRARIES = YES;
				BUNDLE_LOADER = "$(TEST_HOST)";
				CODE_SIGN_STYLE = Automatic;
				CURRENT_PROJECT_VERSION = 1;
				GENERATE_INFOPLIST_FILE = YES;
				IPHONEOS_DEPLOYMENT_TARGET = 17.4;
				MARKETING_VERSION = 1.0;
				PRODUCT_BUNDLE_IDENTIFIER = Skywarsmaster.pokedex2Tests;
				PRODUCT_NAME = "$(TARGET_NAME)";
				SWIFT_EMIT_LOC_STRINGS = NO;
				SWIFT_VERSION = 5.0;
				TARGETED_DEVICE_FAMILY = "1,2";
				TEST_HOST = "$(BUILT_PRODUCTS_DIR)/pokedex2.app/$(BUNDLE_EXECUTABLE_FOLDER_PATH)/pokedex2";
			};
			name = Release;
		};
		DB3282912BA0BD8400E35301 /* Debug */ = {
			isa = XCBuildConfiguration;
			buildSettings = {
				ALWAYS_EMBED_SWIFT_STANDARD_LIBRARIES = YES;
				CODE_SIGN_STYLE = Automatic;
				CURRENT_PROJECT_VERSION = 1;
				GENERATE_INFOPLIST_FILE = YES;
				MARKETING_VERSION = 1.0;
				PRODUCT_BUNDLE_IDENTIFIER = Skywarsmaster.pokedex2UITests;
				PRODUCT_NAME = "$(TARGET_NAME)";
				SWIFT_EMIT_LOC_STRINGS = NO;
				SWIFT_VERSION = 5.0;
				TARGETED_DEVICE_FAMILY = "1,2";
				TEST_TARGET_NAME = pokedex2;
			};
			name = Debug;
		};
		DB3282922BA0BD8400E35301 /* Release */ = {
			isa = XCBuildConfiguration;
			buildSettings = {
				ALWAYS_EMBED_SWIFT_STANDARD_LIBRARIES = YES;
				CODE_SIGN_STYLE = Automatic;
				CURRENT_PROJECT_VERSION = 1;
				GENERATE_INFOPLIST_FILE = YES;
				MARKETING_VERSION = 1.0;
				PRODUCT_BUNDLE_IDENTIFIER = Skywarsmaster.pokedex2UITests;
				PRODUCT_NAME = "$(TARGET_NAME)";
				SWIFT_EMIT_LOC_STRINGS = NO;
				SWIFT_VERSION = 5.0;
				TARGETED_DEVICE_FAMILY = "1,2";
				TEST_TARGET_NAME = pokedex2;
			};
			name = Release;
		};
/* End XCBuildConfiguration section */

/* Begin XCConfigurationList section */
		DB3282612BA0BD8000E35301 /* Build configuration list for PBXProject "pokedex2" */ = {
			isa = XCConfigurationList;
			buildConfigurations = (
				DB3282882BA0BD8400E35301 /* Debug */,
				DB3282892BA0BD8400E35301 /* Release */,
			);
			defaultConfigurationIsVisible = 0;
			defaultConfigurationName = Release;
		};
		DB32828A2BA0BD8400E35301 /* Build configuration list for PBXNativeTarget "pokedex2" */ = {
			isa = XCConfigurationList;
			buildConfigurations = (
				DB32828B2BA0BD8400E35301 /* Debug */,
				DB32828C2BA0BD8400E35301 /* Release */,
			);
			defaultConfigurationIsVisible = 0;
			defaultConfigurationName = Release;
		};
		DB32828D2BA0BD8400E35301 /* Build configuration list for PBXNativeTarget "pokedex2Tests" */ = {
			isa = XCConfigurationList;
			buildConfigurations = (
				DB32828E2BA0BD8400E35301 /* Debug */,
				DB32828F2BA0BD8400E35301 /* Release */,
			);
			defaultConfigurationIsVisible = 0;
			defaultConfigurationName = Release;
		};
		DB3282902BA0BD8400E35301 /* Build configuration list for PBXNativeTarget "pokedex2UITests" */ = {
			isa = XCConfigurationList;
			buildConfigurations = (
				DB3282912BA0BD8400E35301 /* Debug */,
				DB3282922BA0BD8400E35301 /* Release */,
			);
			defaultConfigurationIsVisible = 0;
			defaultConfigurationName = Release;
		};
/* End XCConfigurationList section */
	};
	rootObject = DB32825E2BA0BD8000E35301 /* Project object */;
}
